
Microsoft Visual Studio Solution File, Format Version 12.00
# Visual Studio 15
VisualStudioVersion = 15.0.26124.0
MinimumVisualStudioVersion = 15.0.26124.0
Project("{FAE04EC0-301F-11D3-BF4B-00C04F79EFBC}") = "ChromelyAspTemplate", "ChromelyAspTemplate\ChromelyAspTemplate.csproj", "{05C92186-3523-476C-AB58-6094EF417322}"
EndProject
Global
	GlobalSection(SolutionConfigurationPlatforms) = preSolution
		Debug|x64 = Debug|x64
		Release|x64 = Release|x64
	EndGlobalSection
	GlobalSection(SolutionProperties) = preSolution
		HideSolutionNode = FALSE
	EndGlobalSection
	GlobalSection(ProjectConfigurationPlatforms) = postSolution
		{05C92186-3523-476C-AB58-6094EF417322}.Debug|x64.ActiveCfg = Debug|x64
		{05C92186-3523-476C-AB58-6094EF417322}.Debug|x64.Build.0 = Debug|x64
		{05C92186-3523-476C-AB58-6094EF417322}.Release|x64.ActiveCfg = Release|x64
		{05C92186-3523-476C-AB58-6094EF417322}.Release|x64.Build.0 = Release|x64
	EndGlobalSection
EndGlobal
